// !$*UTF8*$!
{
	archiveVersion = 1;
	classes = {
	};
	objectVersion = 46;
	objects = {

/* Begin PBXBuildFile section */
		3D80E05E1EE021760018E858 /* SLPieChartView.m in Sources */ = {isa = PBXBuildFile; fileRef = 3D80E05D1EE021760018E858 /* SLPieChartView.m */; };
		3DD050001EC54C3400F979EA /* main.m in Sources */ = {isa = PBXBuildFile; fileRef = 3DD04FFF1EC54C3400F979EA /* main.m */; };
		3DD050031EC54C3400F979EA /* AppDelegate.m in Sources */ = {isa = PBXBuildFile; fileRef = 3DD050021EC54C3400F979EA /* AppDelegate.m */; };
		3DD050061EC54C3400F979EA /* ViewController.m in Sources */ = {isa = PBXBuildFile; fileRef = 3DD050051EC54C3400F979EA /* ViewController.m */; };
		3DD050091EC54C3400F979EA /* Main.storyboard in Resources */ = {isa = PBXBuildFile; fileRef = 3DD050071EC54C3400F979EA /* Main.storyboard */; };
		3DD0500B1EC54C3400F979EA /* Assets.xcassets in Resources */ = {isa = PBXBuildFile; fileRef = 3DD0500A1EC54C3400F979EA /* Assets.xcassets */; };
		3DD0500E1EC54C3400F979EA /* LaunchScreen.storyboard in Resources */ = {isa = PBXBuildFile; fileRef = 3DD0500C1EC54C3400F979EA /* LaunchScreen.storyboard */; };
		3DD050191EC54C3500F979EA /* SLChartsTests.m in Sources */ = {isa = PBXBuildFile; fileRef = 3DD050181EC54C3500F979EA /* SLChartsTests.m */; };
		3DD050241EC54C3500F979EA /* SLChartsUITests.m in Sources */ = {isa = PBXBuildFile; fileRef = 3DD050231EC54C3500F979EA /* SLChartsUITests.m */; };
		3DD050331EC54C6200F979EA /* SLBaseChartView.m in Sources */ = {isa = PBXBuildFile; fileRef = 3DD050321EC54C6200F979EA /* SLBaseChartView.m */; };
/* End PBXBuildFile section */

/* Begin PBXContainerItemProxy section */
		3DD050151EC54C3500F979EA /* PBXContainerItemProxy */ = {
			isa = PBXContainerItemProxy;
			containerPortal = 3DD04FF31EC54C3400F979EA /* Project object */;
			proxyType = 1;
			remoteGlobalIDString = 3DD04FFA1EC54C3400F979EA;
			remoteInfo = SLCharts;
		};
		3DD050201EC54C3500F979EA /* PBXContainerItemProxy */ = {
			isa = PBXContainerItemProxy;
			containerPortal = 3DD04FF31EC54C3400F979EA /* Project object */;
			proxyType = 1;
			remoteGlobalIDString = 3DD04FFA1EC54C3400F979EA;
			remoteInfo = SLCharts;
		};
/* End PBXContainerItemProxy section */

/* Begin PBXFileReference section */
		3D80E05C1EE021760018E858 /* SLPieChartView.h */ = {isa = PBXFileReference; fileEncoding = 4; lastKnownFileType = sourcecode.c.h; path = SLPieChartView.h; sourceTree = "<group>"; };
		3D80E05D1EE021760018E858 /* SLPieChartView.m */ = {isa = PBXFileReference; fileEncoding = 4; lastKnownFileType = sourcecode.c.objc; path = SLPieChartView.m; sourceTree = "<group>"; };
		3DD04FFB1EC54C3400F979EA /* SLCharts.app */ = {isa = PBXFileReference; explicitFileType = wrapper.application; includeInIndex = 0; path = SLCharts.app; sourceTree = BUILT_PRODUCTS_DIR; };
		3DD04FFF1EC54C3400F979EA /* main.m */ = {isa = PBXFileReference; lastKnownFileType = sourcecode.c.objc; path = main.m; sourceTree = "<group>"; };
		3DD050011EC54C3400F979EA /* AppDelegate.h */ = {isa = PBXFileReference; lastKnownFileType = sourcecode.c.h; path = AppDelegate.h; sourceTree = "<group>"; };
		3DD050021EC54C3400F979EA /* AppDelegate.m */ = {isa = PBXFileReference; lastKnownFileType = sourcecode.c.objc; path = AppDelegate.m; sourceTree = "<group>"; };
		3DD050041EC54C3400F979EA /* ViewController.h */ = {isa = PBXFileReference; lastKnownFileType = sourcecode.c.h; path = ViewController.h; sourceTree = "<group>"; };
		3DD050051EC54C3400F979EA /* ViewController.m */ = {isa = PBXFileReference; lastKnownFileType = sourcecode.c.objc; path = ViewController.m; sourceTree = "<group>"; };
		3DD050081EC54C3400F979EA /* Base */ = {isa = PBXFileReference; lastKnownFileType = file.storyboard; name = Base; path = Base.lproj/Main.storyboard; sourceTree = "<group>"; };
		3DD0500A1EC54C3400F979EA /* Assets.xcassets */ = {isa = PBXFileReference; lastKnownFileType = folder.assetcatalog; path = Assets.xcassets; sourceTree = "<group>"; };
		3DD0500D1EC54C3400F979EA /* Base */ = {isa = PBXFileReference; lastKnownFileType = file.storyboard; name = Base; path = Base.lproj/LaunchScreen.storyboard; sourceTree = "<group>"; };
		3DD0500F1EC54C3400F979EA /* Info.plist */ = {isa = PBXFileReference; lastKnownFileType = text.plist.xml; path = Info.plist; sourceTree = "<group>"; };
		3DD050141EC54C3500F979EA /* SLChartsTests.xctest */ = {isa = PBXFileReference; explicitFileType = wrapper.cfbundle; includeInIndex = 0; path = SLChartsTests.xctest; sourceTree = BUILT_PRODUCTS_DIR; };
		3DD050181EC54C3500F979EA /* SLChartsTests.m */ = {isa = PBXFileReference; lastKnownFileType = sourcecode.c.objc; path = SLChartsTests.m; sourceTree = "<group>"; };
		3DD0501A1EC54C3500F979EA /* Info.plist */ = {isa = PBXFileReference; lastKnownFileType = text.plist.xml; path = Info.plist; sourceTree = "<group>"; };
		3DD0501F1EC54C3500F979EA /* SLChartsUITests.xctest */ = {isa = PBXFileReference; explicitFileType = wrapper.cfbundle; includeInIndex = 0; path = SLChartsUITests.xctest; sourceTree = BUILT_PRODUCTS_DIR; };
		3DD050231EC54C3500F979EA /* SLChartsUITests.m */ = {isa = PBXFileReference; lastKnownFileType = sourcecode.c.objc; path = SLChartsUITests.m; sourceTree = "<group>"; };
		3DD050251EC54C3500F979EA /* Info.plist */ = {isa = PBXFileReference; lastKnownFileType = text.plist.xml; path = Info.plist; sourceTree = "<group>"; };
		3DD050311EC54C6200F979EA /* SLBaseChartView.h */ = {isa = PBXFileReference; fileEncoding = 4; lastKnownFileType = sourcecode.c.h; path = SLBaseChartView.h; sourceTree = "<group>"; };
		3DD050321EC54C6200F979EA /* SLBaseChartView.m */ = {isa = PBXFileReference; fileEncoding = 4; lastKnownFileType = sourcecode.c.objc; path = SLBaseChartView.m; sourceTree = "<group>"; };
/* End PBXFileReference section */

/* Begin PBXFrameworksBuildPhase section */
		3DD04FF81EC54C3400F979EA /* Frameworks */ = {
			isa = PBXFrameworksBuildPhase;
			buildActionMask = 2147483647;
			files = (
			);
			runOnlyForDeploymentPostprocessing = 0;
		};
		3DD050111EC54C3500F979EA /* Frameworks */ = {
			isa = PBXFrameworksBuildPhase;
			buildActionMask = 2147483647;
			files = (
			);
			runOnlyForDeploymentPostprocessing = 0;
		};
		3DD0501C1EC54C3500F979EA /* Frameworks */ = {
			isa = PBXFrameworksBuildPhase;
			buildActionMask = 2147483647;
			files = (
			);
			runOnlyForDeploymentPostprocessing = 0;
		};
/* End PBXFrameworksBuildPhase section */

/* Begin PBXGroup section */
		3DD04FF21EC54C3400F979EA = {
			isa = PBXGroup;
			children = (
				3DD04FFD1EC54C3400F979EA /* SLCharts */,
				3DD050171EC54C3500F979EA /* SLChartsTests */,
				3DD050221EC54C3500F979EA /* SLChartsUITests */,
				3DD04FFC1EC54C3400F979EA /* Products */,
			);
			sourceTree = "<group>";
		};
		3DD04FFC1EC54C3400F979EA /* Products */ = {
			isa = PBXGroup;
			children = (
				3DD04FFB1EC54C3400F979EA /* SLCharts.app */,
				3DD050141EC54C3500F979EA /* SLChartsTests.xctest */,
				3DD0501F1EC54C3500F979EA /* SLChartsUITests.xctest */,
			);
			name = Products;
			sourceTree = "<group>";
		};
		3DD04FFD1EC54C3400F979EA /* SLCharts */ = {
			isa = PBXGroup;
			children = (
				3DD050011EC54C3400F979EA /* AppDelegate.h */,
				3DD050021EC54C3400F979EA /* AppDelegate.m */,
				3DD050041EC54C3400F979EA /* ViewController.h */,
				3DD050051EC54C3400F979EA /* ViewController.m */,
				3DD050311EC54C6200F979EA /* SLBaseChartView.h */,
				3DD050321EC54C6200F979EA /* SLBaseChartView.m */,
				3D80E05C1EE021760018E858 /* SLPieChartView.h */,
				3D80E05D1EE021760018E858 /* SLPieChartView.m */,
				3DD050071EC54C3400F979EA /* Main.storyboard */,
				3DD0500A1EC54C3400F979EA /* Assets.xcassets */,
				3DD0500C1EC54C3400F979EA /* LaunchScreen.storyboard */,
				3DD0500F1EC54C3400F979EA /* Info.plist */,
				3DD04FFE1EC54C3400F979EA /* Supporting Files */,
			);
			path = SLCharts;
			sourceTree = "<group>";
		};
		3DD04FFE1EC54C3400F979EA /* Supporting Files */ = {
			isa = PBXGroup;
			children = (
				3DD04FFF1EC54C3400F979EA /* main.m */,
			);
			name = "Supporting Files";
			sourceTree = "<group>";
		};
		3DD050171EC54C3500F979EA /* SLChartsTests */ = {
			isa = PBXGroup;
			children = (
				3DD050181EC54C3500F979EA /* SLChartsTests.m */,
				3DD0501A1EC54C3500F979EA /* Info.plist */,
			);
			path = SLChartsTests;
			sourceTree = "<group>";
		};
		3DD050221EC54C3500F979EA /* SLChartsUITests */ = {
			isa = PBXGroup;
			children = (
				3DD050231EC54C3500F979EA /* SLChartsUITests.m */,
				3DD050251EC54C3500F979EA /* Info.plist */,
			);
			path = SLChartsUITests;
			sourceTree = "<group>";
		};
/* End PBXGroup section */

/* Begin PBXNativeTarget section */
		3DD04FFA1EC54C3400F979EA /* SLCharts */ = {
			isa = PBXNativeTarget;
			buildConfigurationList = 3DD050281EC54C3500F979EA /* Build configuration list for PBXNativeTarget "SLCharts" */;
			buildPhases = (
				3DD04FF71EC54C3400F979EA /* Sources */,
				3DD04FF81EC54C3400F979EA /* Frameworks */,
				3DD04FF91EC54C3400F979EA /* Resources */,
			);
			buildRules = (
			);
			dependencies = (
			);
			name = SLCharts;
			productName = SLCharts;
			productReference = 3DD04FFB1EC54C3400F979EA /* SLCharts.app */;
			productType = "com.apple.product-type.application";
		};
		3DD050131EC54C3500F979EA /* SLChartsTests */ = {
			isa = PBXNativeTarget;
			buildConfigurationList = 3DD0502B1EC54C3500F979EA /* Build configuration list for PBXNativeTarget "SLChartsTests" */;
			buildPhases = (
				3DD050101EC54C3500F979EA /* Sources */,
				3DD050111EC54C3500F979EA /* Frameworks */,
				3DD050121EC54C3500F979EA /* Resources */,
			);
			buildRules = (
			);
			dependencies = (
				3DD050161EC54C3500F979EA /* PBXTargetDependency */,
			);
			name = SLChartsTests;
			productName = SLChartsTests;
			productReference = 3DD050141EC54C3500F979EA /* SLChartsTests.xctest */;
			productType = "com.apple.product-type.bundle.unit-test";
		};
		3DD0501E1EC54C3500F979EA /* SLChartsUITests */ = {
			isa = PBXNativeTarget;
			buildConfigurationList = 3DD0502E1EC54C3500F979EA /* Build configuration list for PBXNativeTarget "SLChartsUITests" */;
			buildPhases = (
				3DD0501B1EC54C3500F979EA /* Sources */,
				3DD0501C1EC54C3500F979EA /* Frameworks */,
				3DD0501D1EC54C3500F979EA /* Resources */,
			);
			buildRules = (
			);
			dependencies = (
				3DD050211EC54C3500F979EA /* PBXTargetDependency */,
			);
			name = SLChartsUITests;
			productName = SLChartsUITests;
			productReference = 3DD0501F1EC54C3500F979EA /* SLChartsUITests.xctest */;
			productType = "com.apple.product-type.bundle.ui-testing";
		};
/* End PBXNativeTarget section */

/* Begin PBXProject section */
		3DD04FF31EC54C3400F979EA /* Project object */ = {
			isa = PBXProject;
			attributes = {
				LastUpgradeCheck = 0820;
				ORGANIZATIONNAME = "上海数聚";
				TargetAttributes = {
					3DD04FFA1EC54C3400F979EA = {
						CreatedOnToolsVersion = 8.2.1;
						DevelopmentTeam = VU75WP27H3;
						ProvisioningStyle = Automatic;
					};
					3DD050131EC54C3500F979EA = {
						CreatedOnToolsVersion = 8.2.1;
						DevelopmentTeam = VU75WP27H3;
						ProvisioningStyle = Automatic;
						TestTargetID = 3DD04FFA1EC54C3400F979EA;
					};
					3DD0501E1EC54C3500F979EA = {
						CreatedOnToolsVersion = 8.2.1;
						DevelopmentTeam = VU75WP27H3;
						ProvisioningStyle = Automatic;
						TestTargetID = 3DD04FFA1EC54C3400F979EA;
					};
				};
			};
			buildConfigurationList = 3DD04FF61EC54C3400F979EA /* Build configuration list for PBXProject "SLCharts" */;
			compatibilityVersion = "Xcode 3.2";
			developmentRegion = English;
			hasScannedForEncodings = 0;
			knownRegions = (
				en,
				Base,
			);
			mainGroup = 3DD04FF21EC54C3400F979EA;
			productRefGroup = 3DD04FFC1EC54C3400F979EA /* Products */;
			projectDirPath = "";
			projectRoot = "";
			targets = (
				3DD04FFA1EC54C3400F979EA /* SLCharts */,
				3DD050131EC54C3500F979EA /* SLChartsTests */,
				3DD0501E1EC54C3500F979EA /* SLChartsUITests */,
			);
		};
/* End PBXProject section */

/* Begin PBXResourcesBuildPhase section */
		3DD04FF91EC54C3400F979EA /* Resources */ = {
			isa = PBXResourcesBuildPhase;
			buildActionMask = 2147483647;
			files = (
				3DD0500E1EC54C3400F979EA /* LaunchScreen.storyboard in Resources */,
				3DD0500B1EC54C3400F979EA /* Assets.xcassets in Resources */,
				3DD050091EC54C3400F979EA /* Main.storyboard in Resources */,
			);
			runOnlyForDeploymentPostprocessing = 0;
		};
		3DD050121EC54C3500F979EA /* Resources */ = {
			isa = PBXResourcesBuildPhase;
			buildActionMask = 2147483647;
			files = (
			);
			runOnlyForDeploymentPostprocessing = 0;
		};
		3DD0501D1EC54C3500F979EA /* Resources */ = {
			isa = PBXResourcesBuildPhase;
			buildActionMask = 2147483647;
			files = (
			);
			runOnlyForDeploymentPostprocessing = 0;
		};
/* End PBXResourcesBuildPhase section */

/* Begin PBXSourcesBuildPhase section */
		3DD04FF71EC54C3400F979EA /* Sources */ = {
			isa = PBXSourcesBuildPhase;
			buildActionMask = 2147483647;
			files = (
				3D80E05E1EE021760018E858 /* SLPieChartView.m in Sources */,
				3DD050061EC54C3400F979EA /* ViewController.m in Sources */,
				3DD050331EC54C6200F979EA /* SLBaseChartView.m in Sources */,
				3DD050031EC54C3400F979EA /* AppDelegate.m in Sources */,
				3DD050001EC54C3400F979EA /* main.m in Sources */,
			);
			runOnlyForDeploymentPostprocessing = 0;
		};
		3DD050101EC54C3500F979EA /* Sources */ = {
			isa = PBXSourcesBuildPhase;
			buildActionMask = 2147483647;
			files = (
				3DD050191EC54C3500F979EA /* SLChartsTests.m in Sources */,
			);
			runOnlyForDeploymentPostprocessing = 0;
		};
		3DD0501B1EC54C3500F979EA /* Sources */ = {
			isa = PBXSourcesBuildPhase;
			buildActionMask = 2147483647;
			files = (
				3DD050241EC54C3500F979EA /* SLChartsUITests.m in Sources */,
			);
			runOnlyForDeploymentPostprocessing = 0;
		};
/* End PBXSourcesBuildPhase section */

/* Begin PBXTargetDependency section */
		3DD050161EC54C3500F979EA /* PBXTargetDependency */ = {
			isa = PBXTargetDependency;
			target = 3DD04FFA1EC54C3400F979EA /* SLCharts */;
			targetProxy = 3DD050151EC54C3500F979EA /* PBXContainerItemProxy */;
		};
		3DD050211EC54C3500F979EA /* PBXTargetDependency */ = {
			isa = PBXTargetDependency;
			target = 3DD04FFA1EC54C3400F979EA /* SLCharts */;
			targetProxy = 3DD050201EC54C3500F979EA /* PBXContainerItemProxy */;
		};
/* End PBXTargetDependency section */

/* Begin PBXVariantGroup section */
		3DD050071EC54C3400F979EA /* Main.storyboard */ = {
			isa = PBXVariantGroup;
			children = (
				3DD050081EC54C3400F979EA /* Base */,
			);
			name = Main.storyboard;
			sourceTree = "<group>";
		};
		3DD0500C1EC54C3400F979EA /* LaunchScreen.storyboard */ = {
			isa = PBXVariantGroup;
			children = (
				3DD0500D1EC54C3400F979EA /* Base */,
			);
			name = LaunchScreen.storyboard;
			sourceTree = "<group>";
		};
/* End PBXVariantGroup section */

/* Begin XCBuildConfiguration section */
		3DD050261EC54C3500F979EA /* Debug */ = {
			isa = XCBuildConfiguration;
			buildSettings = {
				ALWAYS_SEARCH_USER_PATHS = NO;
				CLANG_ANALYZER_NONNULL = YES;
				CLANG_CXX_LANGUAGE_STANDARD = "gnu++0x";
				CLANG_CXX_LIBRARY = "libc++";
				CLANG_ENABLE_MODULES = YES;
				CLANG_ENABLE_OBJC_ARC = YES;
				CLANG_WARN_BOOL_CONVERSION = YES;
				CLANG_WARN_CONSTANT_CONVERSION = YES;
				CLANG_WARN_DIRECT_OBJC_ISA_USAGE = YES_ERROR;
				CLANG_WARN_DOCUMENTATION_COMMENTS = YES;
				CLANG_WARN_EMPTY_BODY = YES;
				CLANG_WARN_ENUM_CONVERSION = YES;
				CLANG_WARN_INFINITE_RECURSION = YES;
				CLANG_WARN_INT_CONVERSION = YES;
				CLANG_WARN_OBJC_ROOT_CLASS = YES_ERROR;
				CLANG_WARN_SUSPICIOUS_MOVE = YES;
				CLANG_WARN_UNREACHABLE_CODE = YES;
				CLANG_WARN__DUPLICATE_METHOD_MATCH = YES;
				"CODE_SIGN_IDENTITY[sdk=iphoneos*]" = "iPhone Developer";
				COPY_PHASE_STRIP = NO;
				DEBUG_INFORMATION_FORMAT = dwarf;
				ENABLE_STRICT_OBJC_MSGSEND = YES;
				ENABLE_TESTABILITY = YES;
				GCC_C_LANGUAGE_STANDARD = gnu99;
				GCC_DYNAMIC_NO_PIC = NO;
				GCC_NO_COMMON_BLOCKS = YES;
				GCC_OPTIMIZATION_LEVEL = 0;
				GCC_PREPROCESSOR_DEFINITIONS = (
					"DEBUG=1",
					"$(inherited)",
				);
				GCC_WARN_64_TO_32_BIT_CONVERSION = YES;
				GCC_WARN_ABOUT_RETURN_TYPE = YES_ERROR;
				GCC_WARN_UNDECLARED_SELECTOR = YES;
				GCC_WARN_UNINITIALIZED_AUTOS = YES_AGGRESSIVE;
				GCC_WARN_UNUSED_FUNCTION = YES;
				GCC_WARN_UNUSED_VARIABLE = YES;
				IPHONEOS_DEPLOYMENT_TARGET = 10.2;
				MTL_ENABLE_DEBUG_INFO = YES;
				ONLY_ACTIVE_ARCH = YES;
				SDKROOT = iphoneos;
				TARGETED_DEVICE_FAMILY = "1,2";
			};
			name = Debug;
		};
		3DD050271EC54C3500F979EA /* Release */ = {
			isa = XCBuildConfiguration;
			buildSettings = {
				ALWAYS_SEARCH_USER_PATHS = NO;
				CLANG_ANALYZER_NONNULL = YES;
				CLANG_CXX_LANGUAGE_STANDARD = "gnu++0x";
				CLANG_CXX_LIBRARY = "libc++";
				CLANG_ENABLE_MODULES = YES;
				CLANG_ENABLE_OBJC_ARC = YES;
				CLANG_WARN_BOOL_CONVERSION = YES;
				CLANG_WARN_CONSTANT_CONVERSION = YES;
				CLANG_WARN_DIRECT_OBJC_ISA_USAGE = YES_ERROR;
				CLANG_WARN_DOCUMENTATION_COMMENTS = YES;
				CLANG_WARN_EMPTY_BODY = YES;
				CLANG_WARN_ENUM_CONVERSION = YES;
				CLANG_WARN_INFINITE_RECURSION = YES;
				CLANG_WARN_INT_CONVERSION = YES;
				CLANG_WARN_OBJC_ROOT_CLASS = YES_ERROR;
				CLANG_WARN_SUSPICIOUS_MOVE = YES;
				CLANG_WARN_UNREACHABLE_CODE = YES;
				CLANG_WARN__DUPLICATE_METHOD_MATCH = YES;
				"CODE_SIGN_IDENTITY[sdk=iphoneos*]" = "iPhone Developer";
				COPY_PHASE_STRIP = NO;
				DEBUG_INFORMATION_FORMAT = "dwarf-with-dsym";
				ENABLE_NS_ASSERTIONS = NO;
				ENABLE_STRICT_OBJC_MSGSEND = YES;
				GCC_C_LANGUAGE_STANDARD = gnu99;
				GCC_NO_COMMON_BLOCKS = YES;
				GCC_WARN_64_TO_32_BIT_CONVERSION = YES;
				GCC_WARN_ABOUT_RETURN_TYPE = YES_ERROR;
				GCC_WARN_UNDECLARED_SELECTOR = YES;
				GCC_WARN_UNINITIALIZED_AUTOS = YES_AGGRESSIVE;
				GCC_WARN_UNUSED_FUNCTION = YES;
				GCC_WARN_UNUSED_VARIABLE = YES;
				IPHONEOS_DEPLOYMENT_TARGET = 10.2;
				MTL_ENABLE_DEBUG_INFO = NO;
				SDKROOT = iphoneos;
				TARGETED_DEVICE_FAMILY = "1,2";
				VALIDATE_PRODUCT = YES;
			};
			name = Release;
		};
		3DD050291EC54C3500F979EA /* Debug */ = {
			isa = XCBuildConfiguration;
			buildSettings = {
				ASSETCATALOG_COMPILER_APPICON_NAME = AppIcon;
				DEVELOPMENT_TEAM = VU75WP27H3;
				INFOPLIST_FILE = SLCharts/Info.plist;
				IPHONEOS_DEPLOYMENT_TARGET = 8.0;
				LD_MAP_FILE_PATH = "";
				LD_RUNPATH_SEARCH_PATHS = "$(inherited) @executable_path/Frameworks";
				LIBRARY_SEARCH_PATHS = "$(inherited)";
				PRODUCT_BUNDLE_IDENTIFIER = com.demo.SLCharts;
				PRODUCT_NAME = "$(TARGET_NAME)";
			};
			name = Debug;
		};
		3DD0502A1EC54C3500F979EA /* Release */ = {
			isa = XCBuildConfiguration;
			buildSettings = {
				ASSETCATALOG_COMPILER_APPICON_NAME = AppIcon;
				DEVELOPMENT_TEAM = VU75WP27H3;
				INFOPLIST_FILE = SLCharts/Info.plist;
				IPHONEOS_DEPLOYMENT_TARGET = 8.0;
				LD_MAP_FILE_PATH = "";
				LD_RUNPATH_SEARCH_PATHS = "$(inherited) @executable_path/Frameworks";
				LIBRARY_SEARCH_PATHS = "$(inherited)";
				PRODUCT_BUNDLE_IDENTIFIER = com.demo.SLCharts;
				PRODUCT_NAME = "$(TARGET_NAME)";
			};
			name = Release;
		};
		3DD0502C1EC54C3500F979EA /* Debug */ = {
			isa = XCBuildConfiguration;
			buildSettings = {
				BUNDLE_LOADER = "$(TEST_HOST)";
				DEVELOPMENT_TEAM = VU75WP27H3;
				INFOPLIST_FILE = SLChartsTests/Info.plist;
				LD_RUNPATH_SEARCH_PATHS = "$(inherited) @executable_path/Frameworks @loader_path/Frameworks";
				PRODUCT_BUNDLE_IDENTIFIER = com.demo.SLChartsTests;
				PRODUCT_NAME = "$(TARGET_NAME)";
				TEST_HOST = "$(BUILT_PRODUCTS_DIR)/SLCharts.app/SLCharts";
			};
			name = Debug;
		};
		3DD0502D1EC54C3500F979EA /* Release */ = {
			isa = XCBuildConfiguration;
			buildSettings = {
				BUNDLE_LOADER = "$(TEST_HOST)";
				DEVELOPMENT_TEAM = VU75WP27H3;
				INFOPLIST_FILE = SLChartsTests/Info.plist;
				LD_RUNPATH_SEARCH_PATHS = "$(inherited) @executable_path/Frameworks @loader_path/Frameworks";
				PRODUCT_BUNDLE_IDENTIFIER = com.demo.SLChartsTests;
				PRODUCT_NAME = "$(TARGET_NAME)";
				TEST_HOST = "$(BUILT_PRODUCTS_DIR)/SLCharts.app/SLCharts";
			};
			name = Release;
		};
		3DD0502F1EC54C3500F979EA /* Debug */ = {
			isa = XCBuildConfiguration;
			buildSettings = {
				DEVELOPMENT_TEAM = VU75WP27H3;
				INFOPLIST_FILE = SLChartsUITests/Info.plist;
				LD_RUNPATH_SEARCH_PATHS = "$(inherited) @executable_path/Frameworks @loader_path/Frameworks";
				PRODUCT_BUNDLE_IDENTIFIER = com.demo.SLChartsUITests;
				PRODUCT_NAME = "$(TARGET_NAME)";
				TEST_TARGET_NAME = SLCharts;
			};
			name = Debug;
		};
		3DD050301EC54C3500F979EA /* Release */ = {
			isa = XCBuildConfiguration;
			buildSettings = {
				DEVELOPMENT_TEAM = VU75WP27H3;
				INFOPLIST_FILE = SLChartsUITests/Info.plist;
				LD_RUNPATH_SEARCH_PATHS = "$(inherited) @executable_path/Frameworks @loader_path/Frameworks";
				PRODUCT_BUNDLE_IDENTIFIER = com.demo.SLChartsUITests;
				PRODUCT_NAME = "$(TARGET_NAME)";
				TEST_TARGET_NAME = SLCharts;
			};
			name = Release;
		};
/* End XCBuildConfiguration section */

/* Begin XCConfigurationList section */
		3DD04FF61EC54C3400F979EA /* Build configuration list for PBXProject "SLCharts" */ = {
			isa = XCConfigurationList;
			buildConfigurations = (
				3DD050261EC54C3500F979EA /* Debug */,
				3DD050271EC54C3500F979EA /* Release */,
			);
			defaultConfigurationIsVisible = 0;
			defaultConfigurationName = Release;
		};
		3DD050281EC54C3500F979EA /* Build configuration list for PBXNativeTarget "SLCharts" */ = {
			isa = XCConfigurationList;
			buildConfigurations = (
				3DD050291EC54C3500F979EA /* Debug */,
				3DD0502A1EC54C3500F979EA /* Release */,
			);
			defaultConfigurationIsVisible = 0;
			defaultConfigurationName = Release;
		};
		3DD0502B1EC54C3500F979EA /* Build configuration list for PBXNativeTarget "SLChartsTests" */ = {
			isa = XCConfigurationList;
			buildConfigurations = (
				3DD0502C1EC54C3500F979EA /* Debug */,
				3DD0502D1EC54C3500F979EA /* Release */,
			);
			defaultConfigurationIsVisible = 0;
			defaultConfigurationName = Release;
		};
		3DD0502E1EC54C3500F979EA /* Build configuration list for PBXNativeTarget "SLChartsUITests" */ = {
			isa = XCConfigurationList;
			buildConfigurations = (
				3DD0502F1EC54C3500F979EA /* Debug */,
				3DD050301EC54C3500F979EA /* Release */,
			);
			defaultConfigurationIsVisible = 0;
			defaultConfigurationName = Release;
		};
/* End XCConfigurationList section */
	};
	rootObject = 3DD04FF31EC54C3400F979EA /* Project object */;
}
